
Microsoft Visual Studio Solution File, Format Version 12.00
# Visual Studio Version 16
VisualStudioVersion = 16.0.31624.102
MinimumVisualStudioVersion = 10.0.40219.1
Project("{FAE04EC0-301F-11D3-BF4B-00C04F79EFBC}") = "chasseAuxTresors", "chasseAuxTresors\chasseAuxTresors.csproj", "{A7F328E7-E36E-48E6-B5AD-BF55E898562D}"
EndProject
Global
	GlobalSection(SolutionConfigurationPlatforms) = preSolution
		Debug|Any CPU = Debug|Any CPU
		Release|Any CPU = Release|Any CPU
	EndGlobalSection
	GlobalSection(ProjectConfigurationPlatforms) = postSolution
		{A7F328E7-E36E-48E6-B5AD-BF55E898562D}.Debug|Any CPU.ActiveCfg = Debug|Any CPU
		{A7F328E7-E36E-48E6-B5AD-BF55E898562D}.Debug|Any CPU.Build.0 = Debug|Any CPU
		{A7F328E7-E36E-48E6-B5AD-BF55E898562D}.Release|Any CPU.ActiveCfg = Release|Any CPU
		{A7F328E7-E36E-48E6-B5AD-BF55E898562D}.Release|Any CPU.Build.0 = Release|Any CPU
	EndGlobalSection
	GlobalSection(SolutionProperties) = preSolution
		HideSolutionNode = FALSE
	EndGlobalSection
	GlobalSection(ExtensibilityGlobals) = postSolution
		SolutionGuid = {47B6813C-074D-4C60-84F7-EB77D8C9C314}
	EndGlobalSection
EndGlobal
